// !$*UTF8*$!
{
	archiveVersion = 1;
	classes = {
	};
	objectVersion = 50;
	objects = {

/* Begin PBXBuildFile section */
		F052D9E221EEA2E90079A218 /* AppDelegate.m in Sources */ = {isa = PBXBuildFile; fileRef = F052D9E121EEA2E90079A218 /* AppDelegate.m */; };
		F052D9E521EEA2E90079A218 /* ViewController.m in Sources */ = {isa = PBXBuildFile; fileRef = F052D9E421EEA2E90079A218 /* ViewController.m */; };
		F052D9E821EEA2E90079A218 /* Main.storyboard in Resources */ = {isa = PBXBuildFile; fileRef = F052D9E621EEA2E90079A218 /* Main.storyboard */; };
		F052D9EA21EEA2E90079A218 /* Assets.xcassets in Resources */ = {isa = PBXBuildFile; fileRef = F052D9E921EEA2E90079A218 /* Assets.xcassets */; };
		F052D9ED21EEA2E90079A218 /* LaunchScreen.storyboard in Resources */ = {isa = PBXBuildFile; fileRef = F052D9EB21EEA2E90079A218 /* LaunchScreen.storyboard */; };
		F052D9F021EEA2E90079A218 /* main.m in Sources */ = {isa = PBXBuildFile; fileRef = F052D9EF21EEA2E90079A218 /* main.m */; };
/* End PBXBuildFile section */

/* Begin PBXFileReference section */
		F052D9DD21EEA2E90079A218 /* Phoneword.app */ = {isa = PBXFileReference; explicitFileType = wrapper.application; includeInIndex = 0; path = Phoneword.app; sourceTree = BUILT_PRODUCTS_DIR; };
		F052D9E021EEA2E90079A218 /* AppDelegate.h */ = {isa = PBXFileReference; lastKnownFileType = sourcecode.c.h; path = AppDelegate.h; sourceTree = "<group>"; };
		F052D9E121EEA2E90079A218 /* AppDelegate.m */ = {isa = PBXFileReference; lastKnownFileType = sourcecode.c.objc; path = AppDelegate.m; sourceTree = "<group>"; };
		F052D9E321EEA2E90079A218 /* ViewController.h */ = {isa = PBXFileReference; lastKnownFileType = sourcecode.c.h; path = ViewController.h; sourceTree = "<group>"; };
		F052D9E421EEA2E90079A218 /* ViewController.m */ = {isa = PBXFileReference; lastKnownFileType = sourcecode.c.objc; path = ViewController.m; sourceTree = "<group>"; };
		F052D9E721EEA2E90079A218 /* Base */ = {isa = PBXFileReference; lastKnownFileType = file.storyboard; name = Base; path = Base.lproj/Main.storyboard; sourceTree = "<group>"; };
		F052D9E921EEA2E90079A218 /* Assets.xcassets */ = {isa = PBXFileReference; lastKnownFileType = folder.assetcatalog; path = Assets.xcassets; sourceTree = "<group>"; };
		F052D9EC21EEA2E90079A218 /* Base */ = {isa = PBXFileReference; lastKnownFileType = file.storyboard; name = Base; path = Base.lproj/LaunchScreen.storyboard; sourceTree = "<group>"; };
		F052D9EE21EEA2E90079A218 /* Info.plist */ = {isa = PBXFileReference; lastKnownFileType = text.plist.xml; path = Info.plist; sourceTree = "<group>"; };
		F052D9EF21EEA2E90079A218 /* main.m */ = {isa = PBXFileReference; lastKnownFileType = sourcecode.c.objc; path = main.m; sourceTree = "<group>"; };
/* End PBXFileReference section */

/* Begin PBXFrameworksBuildPhase section */
		F052D9DA21EEA2E90079A218 /* Frameworks */ = {
			isa = PBXFrameworksBuildPhase;
			buildActionMask = 2147483647;
			files = (
			);
			runOnlyForDeploymentPostprocessing = 0;
		};
/* End PBXFrameworksBuildPhase section */

/* Begin PBXGroup section */
		F052D9D421EEA2E90079A218 = {
			isa = PBXGroup;
			children = (
				F052D9DF21EEA2E90079A218 /* Phoneword */,
				F052D9DE21EEA2E90079A218 /* Products */,
			);
			sourceTree = "<group>";
		};
		F052D9DE21EEA2E90079A218 /* Products */ = {
			isa = PBXGroup;
			children = (
				F052D9DD21EEA2E90079A218 /* Phoneword.app */,
			);
			name = Products;
			sourceTree = "<group>";
		};
		F052D9DF21EEA2E90079A218 /* Phoneword */ = {
			isa = PBXGroup;
			children = (
				F052D9E021EEA2E90079A218 /* AppDelegate.h */,
				F052D9E121EEA2E90079A218 /* AppDelegate.m */,
				F052D9E321EEA2E90079A218 /* ViewController.h */,
				F052D9E421EEA2E90079A218 /* ViewController.m */,
				F052D9E621EEA2E90079A218 /* Main.storyboard */,
				F052D9E921EEA2E90079A218 /* Assets.xcassets */,
				F052D9EB21EEA2E90079A218 /* LaunchScreen.storyboard */,
				F052D9EE21EEA2E90079A218 /* Info.plist */,
				F052D9EF21EEA2E90079A218 /* main.m */,
			);
			path = Phoneword;
			sourceTree = "<group>";
		};
/* End PBXGroup section */

/* Begin PBXNativeTarget section */
		F052D9DC21EEA2E90079A218 /* Phoneword */ = {
			isa = PBXNativeTarget;
			buildConfigurationList = F052D9F321EEA2E90079A218 /* Build configuration list for PBXNativeTarget "Phoneword" */;
			buildPhases = (
				F052D9D921EEA2E90079A218 /* Sources */,
				F052D9DA21EEA2E90079A218 /* Frameworks */,
				F052D9DB21EEA2E90079A218 /* Resources */,
			);
			buildRules = (
			);
			dependencies = (
			);
			name = Phoneword;
			productName = Phoneword;
			productReference = F052D9DD21EEA2E90079A218 /* Phoneword.app */;
			productType = "com.apple.product-type.application";
		};
/* End PBXNativeTarget section */

/* Begin PBXProject section */
		F052D9D521EEA2E90079A218 /* Project object */ = {
			isa = PBXProject;
			attributes = {
				LastUpgradeCheck = 1010;
				ORGANIZATIONNAME = "Greg Orton";
				TargetAttributes = {
					F052D9DC21EEA2E90079A218 = {
						CreatedOnToolsVersion = 10.1;
					};
				};
			};
			buildConfigurationList = F052D9D821EEA2E90079A218 /* Build configuration list for PBXProject "Phoneword" */;
			compatibilityVersion = "Xcode 9.3";
			developmentRegion = en;
			hasScannedForEncodings = 0;
			knownRegions = (
				en,
				Base,
			);
			mainGroup = F052D9D421EEA2E90079A218;
			productRefGroup = F052D9DE21EEA2E90079A218 /* Products */;
			projectDirPath = "";
			projectRoot = "";
			targets = (
				F052D9DC21EEA2E90079A218 /* Phoneword */,
			);
		};
/* End PBXProject section */

/* Begin PBXResourcesBuildPhase section */
		F052D9DB21EEA2E90079A218 /* Resources */ = {
			isa = PBXResourcesBuildPhase;
			buildActionMask = 2147483647;
			files = (
				F052D9ED21EEA2E90079A218 /* LaunchScreen.storyboard in Resources */,
				F052D9EA21EEA2E90079A218 /* Assets.xcassets in Resources */,
				F052D9E821EEA2E90079A218 /* Main.storyboard in Resources */,
			);
			runOnlyForDeploymentPostprocessing = 0;
		};
/* End PBXResourcesBuildPhase section */

/* Begin PBXSourcesBuildPhase section */
		F052D9D921EEA2E90079A218 /* Sources */ = {
			isa = PBXSourcesBuildPhase;
			buildActionMask = 2147483647;
			files = (
				F052D9E521EEA2E90079A218 /* ViewController.m in Sources */,
				F052D9F021EEA2E90079A218 /* main.m in Sources */,
				F052D9E221EEA2E90079A218 /* AppDelegate.m in Sources */,
			);
			runOnlyForDeploymentPostprocessing = 0;
		};
/* End PBXSourcesBuildPhase section */

/* Begin PBXVariantGroup section */
		F052D9E621EEA2E90079A218 /* Main.storyboard */ = {
			isa = PBXVariantGroup;
			children = (
				F052D9E721EEA2E90079A218 /* Base */,
			);
			name = Main.storyboard;
			sourceTree = "<group>";
		};
		F052D9EB21EEA2E90079A218 /* LaunchScreen.storyboard */ = {
			isa = PBXVariantGroup;
			children = (
				F052D9EC21EEA2E90079A218 /* Base */,
			);
			name = LaunchScreen.storyboard;
			sourceTree = "<group>";
		};
/* End PBXVariantGroup section */

/* Begin XCBuildConfiguration section */
		F052D9F121EEA2E90079A218 /* Debug */ = {
			isa = XCBuildConfiguration;
			buildSettings = {
				ALWAYS_SEARCH_USER_PATHS = NO;
				CLANG_ANALYZER_NONNULL = YES;
				CLANG_ANALYZER_NUMBER_OBJECT_CONVERSION = YES_AGGRESSIVE;
				CLANG_CXX_LANGUAGE_STANDARD = "gnu++14";
				CLANG_CXX_LIBRARY = "libc++";
				CLANG_ENABLE_MODULES = YES;
				CLANG_ENABLE_OBJC_ARC = YES;
				CLANG_ENABLE_OBJC_WEAK = YES;
				CLANG_WARN_BLOCK_CAPTURE_AUTORELEASING = YES;
				CLANG_WARN_BOOL_CONVERSION = YES;
				CLANG_WARN_COMMA = YES;
				CLANG_WARN_CONSTANT_CONVERSION = YES;
				CLANG_WARN_DEPRECATED_OBJC_IMPLEMENTATIONS = YES;
				CLANG_WARN_DIRECT_OBJC_ISA_USAGE = YES_ERROR;
				CLANG_WARN_DOCUMENTATION_COMMENTS = YES;
				CLANG_WARN_EMPTY_BODY = YES;
				CLANG_WARN_ENUM_CONVERSION = YES;
				CLANG_WARN_INFINITE_RECURSION = YES;
				CLANG_WARN_INT_CONVERSION = YES;
				CLANG_WARN_NON_LITERAL_NULL_CONVERSION = YES;
				CLANG_WARN_OBJC_IMPLICIT_RETAIN_SELF = YES;
				CLANG_WARN_OBJC_LITERAL_CONVERSION = YES;
				CLANG_WARN_OBJC_ROOT_CLASS = YES_ERROR;
				CLANG_WARN_RANGE_LOOP_ANALYSIS = YES;
				CLANG_WARN_STRICT_PROTOTYPES = YES;
				CLANG_WARN_SUSPICIOUS_MOVE = YES;
				CLANG_WARN_UNGUARDED_AVAILABILITY = YES_AGGRESSIVE;
				CLANG_WARN_UNREACHABLE_CODE = YES;
				CLANG_WARN__DUPLICATE_METHOD_MATCH = YES;
				CODE_SIGN_IDENTITY = "iPhone Developer";
				COPY_PHASE_STRIP = NO;
				DEBUG_INFORMATION_FORMAT = dwarf;
				ENABLE_STRICT_OBJC_MSGSEND = YES;
				ENABLE_TESTABILITY = YES;
				GCC_C_LANGUAGE_STANDARD = gnu11;
				GCC_DYNAMIC_NO_PIC = NO;
				GCC_NO_COMMON_BLOCKS = YES;
				GCC_OPTIMIZATION_LEVEL = 0;
				GCC_PREPROCESSOR_DEFINITIONS = (
					"DEBUG=1",
					"$(inherited)",
				);
				GCC_WARN_64_TO_32_BIT_CONVERSION = YES;
				GCC_WARN_ABOUT_RETURN_TYPE = YES_ERROR;
				GCC_WARN_UNDECLARED_SELECTOR = YES;
				GCC_WARN_UNINITIALIZED_AUTOS = YES_AGGRESSIVE;
				GCC_WARN_UNUSED_FUNCTION = YES;
				GCC_WARN_UNUSED_VARIABLE = YES;
				IPHONEOS_DEPLOYMENT_TARGET = 12.1;
				MTL_ENABLE_DEBUG_INFO = INCLUDE_SOURCE;
				MTL_FAST_MATH = YES;
				ONLY_ACTIVE_ARCH = YES;
				SDKROOT = iphoneos;
			};
			name = Debug;
		};
		F052D9F221EEA2E90079A218 /* Release */ = {
			isa = XCBuildConfiguration;
			buildSettings = {
				ALWAYS_SEARCH_USER_PATHS = NO;
				CLANG_ANALYZER_NONNULL = YES;
				CLANG_ANALYZER_NUMBER_OBJECT_CONVERSION = YES_AGGRESSIVE;
				CLANG_CXX_LANGUAGE_STANDARD = "gnu++14";
				CLANG_CXX_LIBRARY = "libc++";
				CLANG_ENABLE_MODULES = YES;
				CLANG_ENABLE_OBJC_ARC = YES;
				CLANG_ENABLE_OBJC_WEAK = YES;
				CLANG_WARN_BLOCK_CAPTURE_AUTORELEASING = YES;
				CLANG_WARN_BOOL_CONVERSION = YES;
				CLANG_WARN_COMMA = YES;
				CLANG_WARN_CONSTANT_CONVERSION = YES;
				CLANG_WARN_DEPRECATED_OBJC_IMPLEMENTATIONS = YES;
				CLANG_WARN_DIRECT_OBJC_ISA_USAGE = YES_ERROR;
				CLANG_WARN_DOCUMENTATION_COMMENTS = YES;
				CLANG_WARN_EMPTY_BODY = YES;
				CLANG_WARN_ENUM_CONVERSION = YES;
				CLANG_WARN_INFINITE_RECURSION = YES;
				CLANG_WARN_INT_CONVERSION = YES;
				CLANG_WARN_NON_LITERAL_NULL_CONVERSION = YES;
				CLANG_WARN_OBJC_IMPLICIT_RETAIN_SELF = YES;
				CLANG_WARN_OBJC_LITERAL_CONVERSION = YES;
				CLANG_WARN_OBJC_ROOT_CLASS = YES_ERROR;
				CLANG_WARN_RANGE_LOOP_ANALYSIS = YES;
				CLANG_WARN_STRICT_PROTOTYPES = YES;
				CLANG_WARN_SUSPICIOUS_MOVE = YES;
				CLANG_WARN_UNGUARDED_AVAILABILITY = YES_AGGRESSIVE;
				CLANG_WARN_UNREACHABLE_CODE = YES;
				CLANG_WARN__DUPLICATE_METHOD_MATCH = YES;
				CODE_SIGN_IDENTITY = "iPhone Developer";
				COPY_PHASE_STRIP = NO;
				DEBUG_INFORMATION_FORMAT = "dwarf-with-dsym";
				ENABLE_NS_ASSERTIONS = NO;
				ENABLE_STRICT_OBJC_MSGSEND = YES;
				GCC_C_LANGUAGE_STANDARD = gnu11;
				GCC_NO_COMMON_BLOCKS = YES;
				GCC_WARN_64_TO_32_BIT_CONVERSION = YES;
				GCC_WARN_ABOUT_RETURN_TYPE = YES_ERROR;
				GCC_WARN_UNDECLARED_SELECTOR = YES;
				GCC_WARN_UNINITIALIZED_AUTOS = YES_AGGRESSIVE;
				GCC_WARN_UNUSED_FUNCTION = YES;
				GCC_WARN_UNUSED_VARIABLE = YES;
				IPHONEOS_DEPLOYMENT_TARGET = 12.1;
				MTL_ENABLE_DEBUG_INFO = NO;
				MTL_FAST_MATH = YES;
				SDKROOT = iphoneos;
				VALIDATE_PRODUCT = YES;
			};
			name = Release;
		};
		F052D9F421EEA2E90079A218 /* Debug */ = {
			isa = XCBuildConfiguration;
			buildSettings = {
				ASSETCATALOG_COMPILER_APPICON_NAME = AppIcon;
				CODE_SIGN_IDENTITY = "iPhone Developer";
				CODE_SIGN_STYLE = Automatic;
				DEVELOPMENT_TEAM = M28NXBATY5;
				INFOPLIST_FILE = Phoneword/Info.plist;
				IPHONEOS_DEPLOYMENT_TARGET = 12.0;
				LD_RUNPATH_SEARCH_PATHS = (
					"$(inherited)",
					"@executable_path/Frameworks",
				);
				PRODUCT_BUNDLE_IDENTIFIER = com.gorton.Phoneword;
				PRODUCT_NAME = "$(TARGET_NAME)";
				PROVISIONING_PROFILE_SPECIFIER = "";
				TARGETED_DEVICE_FAMILY = 1;
			};
			name = Debug;
		};
		F052D9F521EEA2E90079A218 /* Release */ = {
			isa = XCBuildConfiguration;
			buildSettings = {
				ASSETCATALOG_COMPILER_APPICON_NAME = AppIcon;
				CODE_SIGN_IDENTITY = "iPhone Developer";
				CODE_SIGN_STYLE = Automatic;
				DEVELOPMENT_TEAM = M28NXBATY5;
				INFOPLIST_FILE = Phoneword/Info.plist;
				IPHONEOS_DEPLOYMENT_TARGET = 12.0;
				LD_RUNPATH_SEARCH_PATHS = (
					"$(inherited)",
					"@executable_path/Frameworks",
				);
				PRODUCT_BUNDLE_IDENTIFIER = com.gorton.Phoneword;
				PRODUCT_NAME = "$(TARGET_NAME)";
				PROVISIONING_PROFILE_SPECIFIER = "";
				TARGETED_DEVICE_FAMILY = 1;
			};
			name = Release;
		};
/* End XCBuildConfiguration section */

/* Begin XCConfigurationList section */
		F052D9D821EEA2E90079A218 /* Build configuration list for PBXProject "Phoneword" */ = {
			isa = XCConfigurationList;
			buildConfigurations = (
				F052D9F121EEA2E90079A218 /* Debug */,
				F052D9F221EEA2E90079A218 /* Release */,
			);
			defaultConfigurationIsVisible = 0;
			defaultConfigurationName = Release;
		};
		F052D9F321EEA2E90079A218 /* Build configuration list for PBXNativeTarget "Phoneword" */ = {
			isa = XCConfigurationList;
			buildConfigurations = (
				F052D9F421EEA2E90079A218 /* Debug */,
				F052D9F521EEA2E90079A218 /* Release */,
			);
			defaultConfigurationIsVisible = 0;
			defaultConfigurationName = Release;
		};
/* End XCConfigurationList section */
	};
	rootObject = F052D9D521EEA2E90079A218 /* Project object */;
}
